lockfileVersion: '9.0'

settings:
  autoInstallPeers: true
  excludeLinksFromLockfile: false

importers:
  .:
    dependencies:
      '@catppuccin/tailwindcss':
        specifier: ^1.0.0
        version: 1.0.0
      react:
        specifier: ^18.3.0
        version: 18.3.1
      react-dom:
        specifier: ^18.3.0
        version: 18.3.1(react@18.3.1)
      react-router-dom:
        specifier: ^6.28.0
        version: 6.30.4(react-dom@18.3.1(react@18.3.1))(react@18.3.1)
    devDependencies:
      '@tailwindcss/postcss':
        specifier: ^4.3.0
        version: 4.3.0
      '@types/react':
        specifier: ^19.2.16
        version: 19.2.16
      '@types/react-dom':
        specifier: ^19.2.3
        version: 19.2.3(@types/react@19.2.16)
      '@vitejs/plugin-react-swc':
        specifier: ^4.3.1
        version: 4.3.1(vite@5.4.21(lightningcss@1.32.0))
      autoprefixer:
        specifier: ^10.5.0
        version: 10.5.0(postcss@8.5.15)
      postcss:
        specifier: ^8.5.15
        version: 8.5.15
      prettier:
        specifier: ^3.8.3
        version: 3.8.3
      tailwindcss:
        specifier: ^4.3.0
        version: 4.3.0
      typescript:
        specifier: ^6.0.3
        version: 6.0.3
      vite:
        specifier: ^5.0.0
        version: 5.4.21(lightningcss@1.32.0)

packages:
  '@alloc/quick-lru@5.2.0':
    resolution:
      {
        integrity: sha512-UrcABB+4bUrFABwbluTIBErXwvbsU/V7TZWfmbgJfbkwiBuziS9gxdODUyuiecfdGQ85jglMW6juS3+z5TsKLw==,
      }
    engines: { node: '>=10' }

  '@catppuccin/tailwindcss@1.0.0':
    resolution:
      {
        integrity: sha512-l8pOlcYe2ncGd8a1gUmL5AHmKlxR2+CHuG5kt4Me6IZwzntW1DoLmj89BH+DcsPHBsdDGLrTSv35emlYyU3FeQ==,
      }
    engines: { node: '>=22.0.0' }

  '@esbuild/aix-ppc64@0.21.5':
    resolution:
      {
        integrity: sha512-1SDgH6ZSPTlggy1yI6+Dbkiz8xzpHJEVAlF/AM1tHPLsf5STom9rwtjE4hKAF20FfXXNTFqEYXyJNWh1GiZedQ==,
      }
    engines: { node: '>=12' }
    cpu: [ppc64]
    os: [aix]

  '@esbuild/android-arm64@0.21.5':
    resolution:
      {
        integrity: sha512-c0uX9VAUBQ7dTDCjq+wdyGLowMdtR/GoC2U5IYk/7D1H1JYC0qseD7+11iMP2mRLN9RcCMRcjC4YMclCzGwS/A==,
      }
    engines: { node: '>=12' }
    cpu: [arm64]
    os: [android]

  '@esbuild/android-arm@0.21.5':
    resolution:
      {
        integrity: sha512-vCPvzSjpPHEi1siZdlvAlsPxXl7WbOVUBBAowWug4rJHb68Ox8KualB+1ocNvT5fjv6wpkX6o/iEpbDrf68zcg==,
      }
    engines: { node: '>=12' }
    cpu: [arm]
    os: [android]

  '@esbuild/android-x64@0.21.5':
    resolution:
      {
        integrity: sha512-D7aPRUUNHRBwHxzxRvp856rjUHRFW1SdQATKXH2hqA0kAZb1hKmi02OpYRacl0TxIGz/ZmXWlbZgjwWYaCakTA==,
      }
    engines: { node: '>=12' }
    cpu: [x64]
    os: [android]

  '@esbuild/darwin-arm64@0.21.5':
    resolution:
      {
        integrity: sha512-DwqXqZyuk5AiWWf3UfLiRDJ5EDd49zg6O9wclZ7kUMv2WRFr4HKjXp/5t8JZ11QbQfUS6/cRCKGwYhtNAY88kQ==,
      }
    engines: { node: '>=12' }
    cpu: [arm64]
    os: [darwin]

  '@esbuild/darwin-x64@0.21.5':
    resolution:
      {
        integrity: sha512-se/JjF8NlmKVG4kNIuyWMV/22ZaerB+qaSi5MdrXtd6R08kvs2qCN4C09miupktDitvh8jRFflwGFBQcxZRjbw==,
      }
    engines: { node: '>=12' }
    cpu: [x64]
    os: [darwin]

  '@esbuild/freebsd-arm64@0.21.5':
    resolution:
      {
        integrity: sha512-5JcRxxRDUJLX8JXp/wcBCy3pENnCgBR9bN6JsY4OmhfUtIHe3ZW0mawA7+RDAcMLrMIZaf03NlQiX9DGyB8h4g==,
      }
    engines: { node: '>=12' }
    cpu: [arm64]
    os: [freebsd]

  '@esbuild/freebsd-x64@0.21.5':
    resolution:
      {
        integrity: sha512-J95kNBj1zkbMXtHVH29bBriQygMXqoVQOQYA+ISs0/2l3T9/kj42ow2mpqerRBxDJnmkUDCaQT/dfNXWX/ZZCQ==,
      }
    engines: { node: '>=12' }
    cpu: [x64]
    os: [freebsd]

  '@esbuild/linux-arm64@0.21.5':
    resolution:
      {
        integrity: sha512-ibKvmyYzKsBeX8d8I7MH/TMfWDXBF3db4qM6sy+7re0YXya+K1cem3on9XgdT2EQGMu4hQyZhan7TeQ8XkGp4Q==,
      }
    engines: { node: '>=12' }
    cpu: [arm64]
    os: [linux]

  '@esbuild/linux-arm@0.21.5':
    resolution:
      {
        integrity: sha512-bPb5AHZtbeNGjCKVZ9UGqGwo8EUu4cLq68E95A53KlxAPRmUyYv2D6F0uUI65XisGOL1hBP5mTronbgo+0bFcA==,
      }
    engines: { node: '>=12' }
    cpu: [arm]
    os: [linux]

  '@esbuild/linux-ia32@0.21.5':
    resolution:
      {
        integrity: sha512-YvjXDqLRqPDl2dvRODYmmhz4rPeVKYvppfGYKSNGdyZkA01046pLWyRKKI3ax8fbJoK5QbxblURkwK/MWY18Tg==,
      }
    engines: { node: '>=12' }
    cpu: [ia32]
    os: [linux]

  '@esbuild/linux-loong64@0.21.5':
    resolution:
      {
        integrity: sha512-uHf1BmMG8qEvzdrzAqg2SIG/02+4/DHB6a9Kbya0XDvwDEKCoC8ZRWI5JJvNdUjtciBGFQ5PuBlpEOXQj+JQSg==,
      }
    engines: { node: '>=12' }
    cpu: [loong64]
    os: [linux]

  '@esbuild/linux-mips64el@0.21.5':
    resolution:
      {
        integrity: sha512-IajOmO+KJK23bj52dFSNCMsz1QP1DqM6cwLUv3W1QwyxkyIWecfafnI555fvSGqEKwjMXVLokcV5ygHW5b3Jbg==,
      }
    engines: { node: '>=12' }
    cpu: [mips64el]
    os: [linux]

  '@esbuild/linux-ppc64@0.21.5':
    resolution:
      {
        integrity: sha512-1hHV/Z4OEfMwpLO8rp7CvlhBDnjsC3CttJXIhBi+5Aj5r+MBvy4egg7wCbe//hSsT+RvDAG7s81tAvpL2XAE4w==,
      }
    engines: { node: '>=12' }
    cpu: [ppc64]
    os: [linux]

  '@esbuild/linux-riscv64@0.21.5':
    resolution:
      {
        integrity: sha512-2HdXDMd9GMgTGrPWnJzP2ALSokE/0O5HhTUvWIbD3YdjME8JwvSCnNGBnTThKGEB91OZhzrJ4qIIxk/SBmyDDA==,
      }
    engines: { node: '>=12' }
    cpu: [riscv64]
    os: [linux]

  '@esbuild/linux-s390x@0.21.5':
    resolution:
      {
        integrity: sha512-zus5sxzqBJD3eXxwvjN1yQkRepANgxE9lgOW2qLnmr8ikMTphkjgXu1HR01K4FJg8h1kEEDAqDcZQtbrRnB41A==,
      }
    engines: { node: '>=12' }
    cpu: [s390x]
    os: [linux]

  '@esbuild/linux-x64@0.21.5':
    resolution:
      {
        integrity: sha512-1rYdTpyv03iycF1+BhzrzQJCdOuAOtaqHTWJZCWvijKD2N5Xu0TtVC8/+1faWqcP9iBCWOmjmhoH94dH82BxPQ==,
      }
    engines: { node: '>=12' }
    cpu: [x64]
    os: [linux]

  '@esbuild/netbsd-x64@0.21.5':
    resolution:
      {
        integrity: sha512-Woi2MXzXjMULccIwMnLciyZH4nCIMpWQAs049KEeMvOcNADVxo0UBIQPfSmxB3CWKedngg7sWZdLvLczpe0tLg==,
      }
    engines: { node: '>=12' }
    cpu: [x64]
    os: [netbsd]

  '@esbuild/openbsd-x64@0.21.5':
    resolution:
      {
        integrity: sha512-HLNNw99xsvx12lFBUwoT8EVCsSvRNDVxNpjZ7bPn947b8gJPzeHWyNVhFsaerc0n3TsbOINvRP2byTZ5LKezow==,
      }
    engines: { node: '>=12' }
    cpu: [x64]
    os: [openbsd]

  '@esbuild/sunos-x64@0.21.5':
    resolution:
      {
        integrity: sha512-6+gjmFpfy0BHU5Tpptkuh8+uw3mnrvgs+dSPQXQOv3ekbordwnzTVEb4qnIvQcYXq6gzkyTnoZ9dZG+D4garKg==,
      }
    engines: { node: '>=12' }
    cpu: [x64]
    os: [sunos]

  '@esbuild/win32-arm64@0.21.5':
    resolution:
      {
        integrity: sha512-Z0gOTd75VvXqyq7nsl93zwahcTROgqvuAcYDUr+vOv8uHhNSKROyU961kgtCD1e95IqPKSQKH7tBTslnS3tA8A==,
      }
    engines: { node: '>=12' }
    cpu: [arm64]
    os: [win32]

  '@esbuild/win32-ia32@0.21.5':
    resolution:
      {
        integrity: sha512-SWXFF1CL2RVNMaVs+BBClwtfZSvDgtL//G/smwAc5oVK/UPu2Gu9tIaRgFmYFFKrmg3SyAjSrElf0TiJ1v8fYA==,
      }
    engines: { node: '>=12' }
    cpu: [ia32]
    os: [win32]

  '@esbuild/win32-x64@0.21.5':
    resolution:
      {
        integrity: sha512-tQd/1efJuzPC6rCFwEvLtci/xNFcTZknmXs98FYDfGE4wP9ClFV98nyKrzJKVPMhdDnjzLhdUyMX4PsQAPjwIw==,
      }
    engines: { node: '>=12' }
    cpu: [x64]
    os: [win32]

  '@jridgewell/gen-mapping@0.3.13':
    resolution:
      {
        integrity: sha512-2kkt/7niJ6MgEPxF0bYdQ6etZaA+fQvDcLKckhy1yIQOzaoKjBBjSj63/aLVjYE3qhRt5dvM+uUyfCg6UKCBbA==,
      }

  '@jridgewell/remapping@2.3.5':
    resolution:
      {
        integrity: sha512-LI9u/+laYG4Ds1TDKSJW2YPrIlcVYOwi2fUC6xB43lueCjgxV4lffOCZCtYFiH6TNOX+tQKXx97T4IKHbhyHEQ==,
      }

  '@jridgewell/resolve-uri@3.1.2':
    resolution:
      {
        integrity: sha512-bRISgCIjP20/tbWSPWMEi54QVPRZExkuD9lJL+UIxUKtwVJA8wW1Trb1jMs1RFXo1CBTNZ/5hpC9QvmKWdopKw==,
      }
    engines: { node: '>=6.0.0' }

  '@jridgewell/sourcemap-codec@1.5.5':
    resolution:
      {
        integrity: sha512-cYQ9310grqxueWbl+WuIUIaiUaDcj7WOq5fVhEljNVgRfOUhY9fy2zTvfoqWsnebh8Sl70VScFbICvJnLKB0Og==,
      }

  '@jridgewell/trace-mapping@0.3.31':
    resolution:
      {
        integrity: sha512-zzNR+SdQSDJzc8joaeP8QQoCQr8NuYx2dIIytl1QeBEZHJ9uW6hebsrYgbz8hJwUQao3TWCMtmfV8Nu1twOLAw==,
      }

  '@remix-run/router@1.23.3':
    resolution:
      {
        integrity: sha512-4An71tdz9X8+3sI4Qqqd2LWd9vS39J7sqd9EU4Scw7TJE/qB10Flv/UuqbPVgfQV9XoK8Np6jNquZitnZq5i+Q==,
      }
    engines: { node: '>=14.0.0' }

  '@rolldown/pluginutils@1.0.1':
    resolution:
      {
        integrity: sha512-2j9bGt5Jh8hj+vPtgzPtl72j0yRxHAyumoo6TNfAjsLB04UtpSvPbPcDcBMxz7n+9CYB0c1GxQFxYRg2jimqGw==,
      }

  '@rollup/rollup-android-arm-eabi@4.61.0':
    resolution:
      {
        integrity: sha512-dnxczajOqt0gesZlN5pGQ1s1imQVrsmCw5G2Ci4oM+0WvNz3pyRnlWrT7McoZIb8VlFwCawdmbWRmxRn7HI+VQ==,
      }
    cpu: [arm]
    os: [android]

  '@rollup/rollup-android-arm64@4.61.0':
    resolution:
      {
        integrity: sha512-Bp3JpGP00Vu3f238ivRrjf7z3xSzVPXqCmaJYA9t2c+c8vKYvOzmXF7LkkeUalTEGd6cZcSWe+PFIP3Vy48fRg==,
      }
    cpu: [arm64]
    os: [android]

  '@rollup/rollup-darwin-arm64@4.61.0':
    resolution:
      {
        integrity: sha512-zaYIpr670mUmmZ1tVzUFplbQbG7h3Gugx3L5FoqhsC2m/YnLlR1a7zVLmXNPy+iY1tFPEbNG+HHBXZGyId0G5w==,
      }
    cpu: [arm64]
    os: [darwin]

  '@rollup/rollup-darwin-x64@4.61.0':
    resolution:
      {
        integrity: sha512-+P49fvkv2dSoeevUW+lgZ/I2JHSsJCK1Lyjj7Cu6E4UHG4tS9XIefzIjo5qhgELjAclnen1rLzK2PMKJdo+Dyg==,
      }
    cpu: [x64]
    os: [darwin]

  '@rollup/rollup-freebsd-arm64@4.61.0':
    resolution:
      {
        integrity: sha512-l3FAAOyKJXH2ea6KNFN+MMgC/rnE94YGLXs2ehYqDcCoHt1DpvgWX75BhUJxN38XojP7Ul+4H8PRn7EdyqSDrw==,
      }
    cpu: [arm64]
    os: [freebsd]

  '@rollup/rollup-freebsd-x64@4.61.0':
    resolution:
      {
        integrity: sha512-VokPN3TSctKj65cyCNPaUh4vMFA8awxOot/0sp+4J7ZlNRKQEhXhawqPwajoi8H5ZFt61i0ugZJuTKXBjGJ17Q==,
      }
    cpu: [x64]
    os: [freebsd]

  '@rollup/rollup-linux-arm-gnueabihf@4.61.0':
    resolution:
      {
        integrity: sha512-DxH0P3wxm+Yzs/p3zrk9dw1rURu8p0Nv5+MRK/L7OtnLNg5rLZraSBFZ8iUXOd9f2BlhJyEpIZUH/emjq4UJ4g==,
      }
    cpu: [arm]
    os: [linux]
    libc: [glibc]

  '@rollup/rollup-linux-arm-musleabihf@4.61.0':
    resolution:
      {
        integrity: sha512-T6ZvMNe84kAz6TBWHC7hGAoEtzP1LWYw/AqayGWEF6uISt3Abk/st06LqRD9THd7Xz3NxzurUpzAuEAUbZf+nw==,
      }
    cpu: [arm]
    os: [linux]
    libc: [musl]

  '@rollup/rollup-linux-arm64-gnu@4.61.0':
    resolution:
      {
        integrity: sha512-q/4hzvQkDs8b4jIBab1pnLiiM0ayTZsN2amBFPDzuyZxjEd4wDwx0UJFYM3cOZzSf5Kw8fnWSprJzIBMkcR44Q==,
      }
    cpu: [arm64]
    os: [linux]
    libc: [glibc]

  '@rollup/rollup-linux-arm64-musl@4.61.0':
    resolution:
      {
        integrity: sha512-vvYWX3akdEAY6km+9wAqFDnk6pQsbJKVnj7xawcvs/+fdlYBGp+U+Qq/lLfpIxYIZvZLHMAKD9HLdacSx/r3dw==,
      }
    cpu: [arm64]
    os: [linux]
    libc: [musl]

  '@rollup/rollup-linux-loong64-gnu@4.61.0':
    resolution:
      {
        integrity: sha512-DePa5cqOxDP/Zp0VOXpeWaGew5iIv5DXp9NYbzkX5PFQyWVX9184WCTh3hvr/7lhXo8ZVlbFLkz8+o/q1dU6gA==,
      }
    cpu: [loong64]
    os: [linux]
    libc: [glibc]

  '@rollup/rollup-linux-loong64-musl@4.61.0':
    resolution:
      {
        integrity: sha512-LV8aWMB8UChglMCEzs7RkN0GsH29RJaLLqwm9fCIjlqwxQTiWAqNcc7wjBkH31hV0PU/yVxGYvrYsgfea2qw6g==,
      }
    cpu: [loong64]
    os: [linux]
    libc: [musl]

  '@rollup/rollup-linux-ppc64-gnu@4.61.0':
    resolution:
      {
        integrity: sha512-QoNSnwQtaeNu5grdBbsL0tt1uyl5EnS8DA8Mr3nluMXbhdQNyhN+G4tBax7VCdxLKj8YJ0/4OO9Ho84jMnJtKA==,
      }
    cpu: [ppc64]
    os: [linux]
    libc: [glibc]

  '@rollup/rollup-linux-ppc64-musl@4.61.0':
    resolution:
      {
        integrity: sha512-/zZp5MKapIIApE8trN8qLGNSiRN9TUoaUZ1cmVu4XnVdd5LQLOXTtyi+vtfUbNnT3iyjzpPqYeKXmvJ+gJGYWw==,
      }
    cpu: [ppc64]
    os: [linux]
    libc: [musl]

  '@rollup/rollup-linux-riscv64-gnu@4.61.0':
    resolution:
      {
        integrity: sha512-RbrzcD3aJ1k3UbtMRRBNwojdVVyXjuVAFTfn/xPa6EEl6GE9Sm/akPgFTb9aAC9pMKGJ6CtWxaGrqWcabH+ySg==,
      }
    cpu: [riscv64]
    os: [linux]
    libc: [glibc]

  '@rollup/rollup-linux-riscv64-musl@4.61.0':
    resolution:
      {
        integrity: sha512-ZF+onDsBso8PJf1XaG9lB+O9RnBpKGnY6OrzC4CSHrtC1jb6jWLTKK4bRqdoCXHd22gyr2hiYmEAm8Wns/BOCw==,
      }
    cpu: [riscv64]
    os: [linux]
    libc: [musl]

  '@rollup/rollup-linux-s390x-gnu@4.61.0':
    resolution:
      {
        integrity: sha512-Atk0aSIk5Zx2Wuh9dgRQgLP0Koc8hOeYpbWryMXyk8G8/HmPkwPPkMqIIDhrXHHYqfUzSJA/I7IWSBv8xSmRBA==,
      }
    cpu: [s390x]
    os: [linux]
    libc: [glibc]

  '@rollup/rollup-linux-x64-gnu@4.61.0':
    resolution:
      {
        integrity: sha512-0uMOcf3eZ5K+K4cYHkdxShFMPlPXCOdfDFEFn9dNYAEEd2cVvmOfH7zFgRVoDgmtQ1m9k5q7qfrHzyMAubKYUA==,
      }
    cpu: [x64]
    os: [linux]
    libc: [glibc]

  '@rollup/rollup-linux-x64-musl@4.61.0':
    resolution:
      {
        integrity: sha512-mvFtE4A/t/7hRJ7X8Ozmu8FsIkAUat2nzl12pgU337BRmq87AQUJztwHz2Zv5/tjo9/C95E66CK03SI/ToEDJw==,
      }
    cpu: [x64]
    os: [linux]
    libc: [musl]

  '@rollup/rollup-openbsd-x64@4.61.0':
    resolution:
      {
        integrity: sha512-z9b9+aTxvt8n2rNltMPvyaUfB8NJ+CVyOrGK/MdIKHx7B+lXmZpm/XbRsU7Rpf3fRqJ2uS6mBJiJveCtq8LHDg==,
      }
    cpu: [x64]
    os: [openbsd]

  '@rollup/rollup-openharmony-arm64@4.61.0':
    resolution:
      {
        integrity: sha512-jXaXFqKMehsOc+g8R6oo33RRC6w07G9jDBxAE5eAKX7mOcCbZloYIPNhfG9Wl+P9O9IWHFO4OJgPi1Ml2qkt7w==,
      }
    cpu: [arm64]
    os: [openharmony]

  '@rollup/rollup-win32-arm64-msvc@4.61.0':
    resolution:
      {
        integrity: sha512-OXNWVFocS2IA4+QplhTZZ2a+8hPZR7T8KuozsNmJKK8y7cp83StHvGksfHzPG3wczWTczyWHVQuqeiTUbjiyBg==,
      }
    cpu: [arm64]
    os: [win32]

  '@rollup/rollup-win32-ia32-msvc@4.61.0':
    resolution:
      {
        integrity: sha512-AlAbNtBO637LxSldqV43z0FfXoGfl2TW1DgAg/bs7aQswFbDewz2SJm3BUhiGfbOVtW571xbc9p+REdxhyN/Eg==,
      }
    cpu: [ia32]
    os: [win32]

  '@rollup/rollup-win32-x64-gnu@4.61.0':
    resolution:
      {
        integrity: sha512-QRSrQXyJ1M4tjNXdR0/G/IgV6lzfQQJYBjlWIEYkY2Xs86DRl/iEpQ4blMDjJxSl7n19eDKKXMg0AmuBVYy8pQ==,
      }
    cpu: [x64]
    os: [win32]

  '@rollup/rollup-win32-x64-msvc@4.61.0':
    resolution:
      {
        integrity: sha512-tkuFxhvKO/HlGd0VsINF6vHSYH8AF8W0TcNxKDK6JZmrehngFj78pToc8iemtnvwilDjs2G/qSzYFhe9U8q+fw==,
      }
    cpu: [x64]
    os: [win32]

  '@swc/core-darwin-arm64@1.15.40':
    resolution:
      {
        integrity: sha512-PaYyclfmQ++77D8ityYvmmVzHv9aG8ROwt2GfG6/ccloy4Hgf80qtOnzb9VYvPsUT7Ty1uhuDRhv3XYpf62qhQ==,
      }
    engines: { node: '>=10' }
    cpu: [arm64]
    os: [darwin]

  '@swc/core-darwin-x64@1.15.40':
    resolution:
      {
        integrity: sha512-HbbPzvfLBUXjIB1Ezks+//lNUjmLjfyd63XSwprJgrZaXYdm70kohXPJUWdqKZozolFxbPaO+xtBaiUp6BoueA==,
      }
    engines: { node: '>=10' }
    cpu: [x64]
    os: [darwin]

  '@swc/core-linux-arm-gnueabihf@1.15.40':
    resolution:
      {
        integrity: sha512-SlRZsCjOCPR2LvFs0Ri/Xrx/5o5TCt8vl4gW6mX1hEZOG0a625RxzRHpHdAQNGykmAN/7IeaFAJG+QnNmxlHcA==,
      }
    engines: { node: '>=10' }
    cpu: [arm]
    os: [linux]

  '@swc/core-linux-arm64-gnu@1.15.40':
    resolution:
      {
        integrity: sha512-Q8byxJt2fh8CR3EUX6snBpy47AoBVm+In/+Z3rjDHMjC38ZvR9/gtUUNCT0tfrn4EdVsO8/QPi59nxrxvqxvBQ==,
      }
    engines: { node: '>=10' }
    cpu: [arm64]
    os: [linux]
    libc: [glibc]

  '@swc/core-linux-arm64-musl@1.15.40':
    resolution:
      {
        integrity: sha512-4z0MgHU+7M0pZDqBN1El7mFXDI1SBwinfcUkAyA4v8QrhOIUOZltySt2aStQLZGrdXVXM4Y4ylfiTC04ED+MoQ==,
      }
    engines: { node: '>=10' }
    cpu: [arm64]
    os: [linux]
    libc: [musl]

  '@swc/core-linux-ppc64-gnu@1.15.40':
    resolution:
      {
        integrity: sha512-fLI4iUgeSZu0eRWUXwe6YzPFx9gHbFiPkl8Rp3mJfP8OpNR3nTQCGPvHdDh9xniW7mVvgMY4ni7A4VzqI1KrpA==,
      }
    engines: { node: '>=10' }
    cpu: [ppc64]
    os: [linux]
    libc: [glibc]

  '@swc/core-linux-s390x-gnu@1.15.40':
    resolution:
      {
        integrity: sha512-YqeKMAb7d4nQSGMJQ454IlaCENpzcDqhvBE9+CPfdnYpnUXxd+BSrB6Xk0YjW8UyoEhUj4p6quATCxbsp6J3jg==,
      }
    engines: { node: '>=10' }
    cpu: [s390x]
    os: [linux]
    libc: [glibc]

  '@swc/core-linux-x64-gnu@1.15.40':
    resolution:
      {
        integrity: sha512-7HOuS1iGcme/j/TuL1TfmmLGiMQrjv/GmjyZeydl00FKPtpGXEldwqfI56xgd1YzrzoB2svWjxbGGyQ0TEASxg==,
      }
    engines: { node: '>=10' }
    cpu: [x64]
    os: [linux]
    libc: [glibc]

  '@swc/core-linux-x64-musl@1.15.40':
    resolution:
      {
        integrity: sha512-h4kZYHc7dpc9P9u4brRJaS8Pl7tPVHAeiLSzw7T5RfIJgAoSdaCMKzI/2Uay9gFhaw8uyCDl0L5q37r0EpAfIA==,
      }
    engines: { node: '>=10' }
    cpu: [x64]
    os: [linux]
    libc: [musl]

  '@swc/core-win32-arm64-msvc@1.15.40':
    resolution:
      {
        integrity: sha512-+mQgKZXSj6mV38Zh05QaxSjUDmGP/R2JWlXZTDLSPkDzHU6p3GxN9eeSf5dfyDVU86946fmCvSzyl/ucImx8+A==,
      }
    engines: { node: '>=10' }
    cpu: [arm64]
    os: [win32]

  '@swc/core-win32-ia32-msvc@1.15.40':
    resolution:
      {
        integrity: sha512-yvwdPLGd25mcj/mNatjNQ0lZujtQD6psH3v9PNmMb+fSzjbNG8KIDxjFWrcV+fsFVLOkyOmdJsFmX7NAFjVyPw==,
      }
    engines: { node: '>=10' }
    cpu: [ia32]
    os: [win32]

  '@swc/core-win32-x64-msvc@1.15.40':
    resolution:
      {
        integrity: sha512-OXtKsLU1bVtInzzDEAY2sYiF/rl4tvAnLLLpuMp3HzAOQZ5A+i69AKDhA1YLQTaMAqO3vzyYNVAYVRMPtSYD4w==,
      }
    engines: { node: '>=10' }
    cpu: [x64]
    os: [win32]

  '@swc/core@1.15.40':
    resolution:
      {
        integrity: sha512-2kwzJikRvgtNAG7MwVZY2vEzZjTxKIq5jXOihuSV/8U+Hej8Va22t65aKnJZs3P+NwojZvR8Mf8kyM7O+V8sQg==,
      }
    engines: { node: '>=10' }
    peerDependencies:
      '@swc/helpers': '>=0.5.17'
    peerDependenciesMeta:
      '@swc/helpers':
        optional: true

  '@swc/counter@0.1.3':
    resolution:
      {
        integrity: sha512-e2BR4lsJkkRlKZ/qCHPw9ZaSxc0MVUd7gtbtaB7aMvHeJVYe8sOB8DBZkP2DtISHGSku9sCK6T6cnY0CtXrOCQ==,
      }

  '@swc/types@0.1.26':
    resolution:
      {
        integrity: sha512-lyMwd7WGgG79RS7EERZV3T8wMdmPq3xwyg+1nmAM64kIhx5yl+juO2PYIHb7vTiPgPCj8LYjsNV2T5wiQHUEaw==,
      }

  '@tailwindcss/node@4.3.0':
    resolution:
      {
        integrity: sha512-aFb4gUhFOgdh9AXo4IzBEOzBkkAxm9VigwDJnMIYv3lcfXCJVesNfbEaBl4BNgVRyid92AmdviqwBUBRKSeY3g==,
      }

  '@tailwindcss/oxide-android-arm64@4.3.0':
    resolution:
      {
        integrity: sha512-TJPiq67tKlLuObP6RkwvVGDoxCMBVtDgKkLfa/uyj7/FyxvQwHS+UOnVrXXgbEsfUaMgiVvC4KbJnRr26ho4Ng==,
      }
    engines: { node: '>= 20' }
    cpu: [arm64]
    os: [android]

  '@tailwindcss/oxide-darwin-arm64@4.3.0':
    resolution:
      {
        integrity: sha512-oMN/WZRb+SO37BmUElEgeEWuU8E/HXRkiODxJxLe1UTHVXLrdVSgfaJV7pSlhRGMSOiXLuxTIjfsF3wYvz8cgQ==,
      }
    engines: { node: '>= 20' }
    cpu: [arm64]
    os: [darwin]

  '@tailwindcss/oxide-darwin-x64@4.3.0':
    resolution:
      {
        integrity: sha512-N6CUmu4a6bKVADfw77p+iw6Yd9Q3OBhe0veaDX+QazfuVYlQsHfDgxBrsjQ/IW+zywL8mTrNd0SdJT/zgtvMdA==,
      }
    engines: { node: '>= 20' }
    cpu: [x64]
    os: [darwin]

  '@tailwindcss/oxide-freebsd-x64@4.3.0':
    resolution:
      {
        integrity: sha512-zDL5hBkQdH5C6MpqbK3gQAgP80tsMwSI26vjOzjJtNCMUo0lFgOItzHKBIupOZNQxt3ouPH7RPhvNhiTfCe5CQ==,
      }
    engines: { node: '>= 20' }
    cpu: [x64]
    os: [freebsd]

  '@tailwindcss/oxide-linux-arm-gnueabihf@4.3.0':
    resolution:
      {
        integrity: sha512-R06HdNi7A7OEoMsf6d4tjZ71RCWnZQPHj2mnotSFURjNLdBC+cIgXQ7l81CqeoiQftjf6OOblxXMInMgN2VzMA==,
      }
    engines: { node: '>= 20' }
    cpu: [arm]
    os: [linux]

  '@tailwindcss/oxide-linux-arm64-gnu@4.3.0':
    resolution:
      {
        integrity: sha512-qTJHELX8jetjhRQHCLilkVLmybpzNQAtaI/gaoVoidn/ufbNDbAo8KlK2J+yPoc8wQxvDxCmh/5lr8nC1+lTbg==,
      }
    engines: { node: '>= 20' }
    cpu: [arm64]
    os: [linux]
    libc: [glibc]

  '@tailwindcss/oxide-linux-arm64-musl@4.3.0':
    resolution:
      {
        integrity: sha512-Z6sukiQsngnWO+l39X4pPbiWT81IC+PLKF+PHxIlyZbGNb9MODfYlXEVlFvej5BOZInWX01kVyzeLvHsXhfczQ==,
      }
    engines: { node: '>= 20' }
    cpu: [arm64]
    os: [linux]
    libc: [musl]

  '@tailwindcss/oxide-linux-x64-gnu@4.3.0':
    resolution:
      {
        integrity: sha512-DRNdQRpSGzRGfARVuVkxvM8Q12nh19l4BF/G7zGA1oe+9wcC6saFBHTISrpIcKzhiXtSrlSrluCfvMuledoCTQ==,
      }
    engines: { node: '>= 20' }
    cpu: [x64]
    os: [linux]
    libc: [glibc]

  '@tailwindcss/oxide-linux-x64-musl@4.3.0':
    resolution:
      {
        integrity: sha512-Z0IADbDo8bh6I7h2IQMx601AdXBLfFpEdUotft86evd/8ZPflZe9COPO8Q1vw+pfLWIUo9zN/JGZvwuAJqduqg==,
      }
    engines: { node: '>= 20' }
    cpu: [x64]
    os: [linux]
    libc: [musl]

  '@tailwindcss/oxide-wasm32-wasi@4.3.0':
    resolution:
      {
        integrity: sha512-HNZGOUxEmElksYR7S6sC5jTeNGpobAsy9u7Gu0AskJ8/20FR9GqebUyB+HBcU/ax6BHuiuJi+Oda4B+YX6H1yA==,
      }
    engines: { node: '>=14.0.0' }
    cpu: [wasm32]
    bundledDependencies:
      - '@napi-rs/wasm-runtime'
      - '@emnapi/core'
      - '@emnapi/runtime'
      - '@tybys/wasm-util'
      - '@emnapi/wasi-threads'
      - tslib

  '@tailwindcss/oxide-win32-arm64-msvc@4.3.0':
    resolution:
      {
        integrity: sha512-Pe+RPVTi1T+qymuuRpcdvwSVZjnll/f7n8gBxMMh3xLTctMDKqpdfGimbMyioqtLhUYZxdJ9wGNhV7MKHvgZsQ==,
      }
    engines: { node: '>= 20' }
    cpu: [arm64]
    os: [win32]

  '@tailwindcss/oxide-win32-x64-msvc@4.3.0':
    resolution:
      {
        integrity: sha512-Mvrf2kXW/yeW/OTezZlCGOirXRcUuLIBx/5Y12BaPM7wJoryG6dfS/NJL8aBPqtTEx/Vm4T4vKzFUcKDT+TKUA==,
      }
    engines: { node: '>= 20' }
    cpu: [x64]
    os: [win32]

  '@tailwindcss/oxide@4.3.0':
    resolution:
      {
        integrity: sha512-F7HZGBeN9I0/AuuJS5PwcD8xayx5ri5GhjYUDBEVYUkexyA/giwbDNjRVrxSezE3T250OU2K/wp/ltWx3UOefg==,
      }
    engines: { node: '>= 20' }

  '@tailwindcss/postcss@4.3.0':
    resolution:
      {
        integrity: sha512-Jm05Tjx+9yCLGv5qw1c+84Psds8MnyrEQYCB+FFk2lgGiUjlRqdxke4mVTuYrj2xnVZqKim2Apr5ySuQRYAw/w==,
      }

  '@types/estree@1.0.9':
    resolution:
      {
        integrity: sha512-GhdPgy1el4/ImP05X05Uw4cw2/M93BCUmnEvWZNStlCzEKME4Fkk+YpoA5OiHNQmoS7Cafb8Xa3Pya8m1Qrzeg==,
      }

  '@types/react-dom@19.2.3':
    resolution:
      {
        integrity: sha512-jp2L/eY6fn+KgVVQAOqYItbF0VY/YApe5Mz2F0aykSO8gx31bYCZyvSeYxCHKvzHG5eZjc+zyaS5BrBWya2+kQ==,
      }
    peerDependencies:
      '@types/react': ^19.2.0

  '@types/react@19.2.16':
    resolution:
      {
        integrity: sha512-esJiCAnl0kfpNdE69f3So4WJUXy95dLZydX0KwK46riIHDzHM7O9Vtf9xCHW0PXIqvgqNrswl522kA/5yx+F4w==,
      }

  '@vitejs/plugin-react-swc@4.3.1':
    resolution:
      {
        integrity: sha512-PaeokKjAGraNN+s5SIApgsktnJprIyt3zgEIu7awnEdfn29QiB2crTcCzyi2XGpX9rUnTc0cKU07Wm0N0g7H2w==,
      }
    engines: { node: ^20.19.0 || >=22.12.0 }
    peerDependencies:
      vite: ^4 || ^5 || ^6 || ^7 || ^8

  autoprefixer@10.5.0:
    resolution:
      {
        integrity: sha512-FMhOoZV4+qR6aTUALKX2rEqGG+oyATvwBt9IIzVR5rMa2HRWPkxf+P+PAJLD1I/H5/II+HuZcBJYEFBpq39ong==,
      }
    engines: { node: ^10 || ^12 || >=14 }
    hasBin: true
    peerDependencies:
      postcss: ^8.1.0

  baseline-browser-mapping@2.10.33:
    resolution:
      {
        integrity: sha512-bA6+tcSLpz2tIEdDXZPpPTIuxBcC4+w6SieaYyfigIa4h8GlFxbA17v22Vx3JUtuZQj9SgOsnbK+aTBzyDyEuw==,
      }
    engines: { node: '>=6.0.0' }
    hasBin: true

  browserslist@4.28.2:
    resolution:
      {
        integrity: sha512-48xSriZYYg+8qXna9kwqjIVzuQxi+KYWp2+5nCYnYKPTr0LvD89Jqk2Or5ogxz0NUMfIjhh2lIUX/LyX9B4oIg==,
      }
    engines: { node: ^6 || ^7 || ^8 || ^9 || ^10 || ^11 || ^12 || >=13.7 }
    hasBin: true

  caniuse-lite@1.0.30001793:
    resolution:
      {
        integrity: sha512-iwSsYWaCOoh26cV8NwNRViHlrfUvYsHDfRVcbtmw0Kg6PJIZZXwMkj1442FYLBGkeUf1juAsU3DTfxW579mrPA==,
      }

  csstype@3.2.3:
    resolution:
      {
        integrity: sha512-z1HGKcYy2xA8AGQfwrn0PAy+PB7X/GSj3UVJW9qKyn43xWa+gl5nXmU4qqLMRzWVLFC8KusUX8T/0kCiOYpAIQ==,
      }

  detect-libc@2.1.2:
    resolution:
      {
        integrity: sha512-Btj2BOOO83o3WyH59e8MgXsxEQVcarkUOpEYrubB0urwnN10yQ364rsiByU11nZlqWYZm05i/of7io4mzihBtQ==,
      }
    engines: { node: '>=8' }

  electron-to-chromium@1.5.364:
    resolution:
      {
        integrity: sha512-G/dYE3+AYhyHwzTwg8UbnXf7zqMERYh7l2jJ3QujhFsH8agSYwtnGAR2aZ7f0AakIKJXd5En/Hre4igIUrdlYw==,
      }

  enhanced-resolve@5.22.1:
    resolution:
      {
        integrity: sha512-6QEuw3zoX1SJQc7b87aBXke/no+mG2bTBgw29gWMQonLmpEkWoCAVkl+M49e48AZlWzxiDzDZzYdp6kobcyLww==,
      }
    engines: { node: '>=10.13.0' }

  esbuild@0.21.5:
    resolution:
      {
        integrity: sha512-mg3OPMV4hXywwpoDxu3Qda5xCKQi+vCTZq8S9J/EpkhB2HzKXq4SNFZE3+NK93JYxc8VMSep+lOUSC/RVKaBqw==,
      }
    engines: { node: '>=12' }
    hasBin: true

  escalade@3.2.0:
    resolution:
      {
        integrity: sha512-WUj2qlxaQtO4g6Pq5c29GTcWGDyd8itL8zTlipgECz3JesAiiOKotd8JU6otB3PACgG6xkJUyVhboMS+bje/jA==,
      }
    engines: { node: '>=6' }

  fraction.js@5.3.4:
    resolution:
      {
        integrity: sha512-1X1NTtiJphryn/uLQz3whtY6jK3fTqoE3ohKs0tT+Ujr1W59oopxmoEh7Lu5p6vBaPbgoM0bzveAW4Qi5RyWDQ==,
      }

  fsevents@2.3.3:
    resolution:
      {
        integrity: sha512-5xoDfX+fL7faATnagmWPpbFtwh/R77WmMMqqHGS65C3vvB0YHrgF+B1YmZ3441tMj5n63k0212XNoJwzlhffQw==,
      }
    engines: { node: ^8.16.0 || ^10.6.0 || >=11.0.0 }
    os: [darwin]

  graceful-fs@4.2.11:
    resolution:
      {
        integrity: sha512-RbJ5/jmFcNNCcDV5o9eTnBLJ/HszWV0P73bc+Ff4nS/rJj+YaS6IGyiOL0VoBYX+l1Wrl3k63h/KrH+nhJ0XvQ==,
      }

  jiti@2.7.0:
    resolution:
      {
        integrity: sha512-AC/7JofJvZGrrneWNaEnJeOLUx+JlGt7tNa0wZiRPT4MY1wmfKjt2+6O2p2uz2+skll8OZZmJMNqeke7kKbNgQ==,
      }
    hasBin: true

  js-tokens@4.0.0:
    resolution:
      {
        integrity: sha512-RdJUflcE3cUzKiMqQgsCu06FPu9UdIJO0beYbPhHN4k6apgJtifcoCtT9bcxOpYBtpD2kCM6Sbzg4CausW/PKQ==,
      }

  lightningcss-android-arm64@1.32.0:
    resolution:
      {
        integrity: sha512-YK7/ClTt4kAK0vo6w3X+Pnm0D2cf2vPHbhOXdoNti1Ga0al1P4TBZhwjATvjNwLEBCnKvjJc2jQgHXH0NEwlAg==,
      }
    engines: { node: '>= 12.0.0' }
    cpu: [arm64]
    os: [android]

  lightningcss-darwin-arm64@1.32.0:
    resolution:
      {
        integrity: sha512-RzeG9Ju5bag2Bv1/lwlVJvBE3q6TtXskdZLLCyfg5pt+HLz9BqlICO7LZM7VHNTTn/5PRhHFBSjk5lc4cmscPQ==,
      }
    engines: { node: '>= 12.0.0' }
    cpu: [arm64]
    os: [darwin]

  lightningcss-darwin-x64@1.32.0:
    resolution:
      {
        integrity: sha512-U+QsBp2m/s2wqpUYT/6wnlagdZbtZdndSmut/NJqlCcMLTWp5muCrID+K5UJ6jqD2BFshejCYXniPDbNh73V8w==,
      }
    engines: { node: '>= 12.0.0' }
    cpu: [x64]
    os: [darwin]

  lightningcss-freebsd-x64@1.32.0:
    resolution:
      {
        integrity: sha512-JCTigedEksZk3tHTTthnMdVfGf61Fky8Ji2E4YjUTEQX14xiy/lTzXnu1vwiZe3bYe0q+SpsSH/CTeDXK6WHig==,
      }
    engines: { node: '>= 12.0.0' }
    cpu: [x64]
    os: [freebsd]

  lightningcss-linux-arm-gnueabihf@1.32.0:
    resolution:
      {
        integrity: sha512-x6rnnpRa2GL0zQOkt6rts3YDPzduLpWvwAF6EMhXFVZXD4tPrBkEFqzGowzCsIWsPjqSK+tyNEODUBXeeVHSkw==,
      }
    engines: { node: '>= 12.0.0' }
    cpu: [arm]
    os: [linux]

  lightningcss-linux-arm64-gnu@1.32.0:
    resolution:
      {
        integrity: sha512-0nnMyoyOLRJXfbMOilaSRcLH3Jw5z9HDNGfT/gwCPgaDjnx0i8w7vBzFLFR1f6CMLKF8gVbebmkUN3fa/kQJpQ==,
      }
    engines: { node: '>= 12.0.0' }
    cpu: [arm64]
    os: [linux]
    libc: [glibc]

  lightningcss-linux-arm64-musl@1.32.0:
    resolution:
      {
        integrity: sha512-UpQkoenr4UJEzgVIYpI80lDFvRmPVg6oqboNHfoH4CQIfNA+HOrZ7Mo7KZP02dC6LjghPQJeBsvXhJod/wnIBg==,
      }
    engines: { node: '>= 12.0.0' }
    cpu: [arm64]
    os: [linux]
    libc: [musl]

  lightningcss-linux-x64-gnu@1.32.0:
    resolution:
      {
        integrity: sha512-V7Qr52IhZmdKPVr+Vtw8o+WLsQJYCTd8loIfpDaMRWGUZfBOYEJeyJIkqGIDMZPwPx24pUMfwSxxI8phr/MbOA==,
      }
    engines: { node: '>= 12.0.0' }
    cpu: [x64]
    os: [linux]
    libc: [glibc]

  lightningcss-linux-x64-musl@1.32.0:
    resolution:
      {
        integrity: sha512-bYcLp+Vb0awsiXg/80uCRezCYHNg1/l3mt0gzHnWV9XP1W5sKa5/TCdGWaR/zBM2PeF/HbsQv/j2URNOiVuxWg==,
      }
    engines: { node: '>= 12.0.0' }
    cpu: [x64]
    os: [linux]
    libc: [musl]

  lightningcss-win32-arm64-msvc@1.32.0:
    resolution:
      {
        integrity: sha512-8SbC8BR40pS6baCM8sbtYDSwEVQd4JlFTOlaD3gWGHfThTcABnNDBda6eTZeqbofalIJhFx0qKzgHJmcPTnGdw==,
      }
    engines: { node: '>= 12.0.0' }
    cpu: [arm64]
    os: [win32]

  lightningcss-win32-x64-msvc@1.32.0:
    resolution:
      {
        integrity: sha512-Amq9B/SoZYdDi1kFrojnoqPLxYhQ4Wo5XiL8EVJrVsB8ARoC1PWW6VGtT0WKCemjy8aC+louJnjS7U18x3b06Q==,
      }
    engines: { node: '>= 12.0.0' }
    cpu: [x64]
    os: [win32]

  lightningcss@1.32.0:
    resolution:
      {
        integrity: sha512-NXYBzinNrblfraPGyrbPoD19C1h9lfI/1mzgWYvXUTe414Gz/X1FD2XBZSZM7rRTrMA8JL3OtAaGifrIKhQ5yQ==,
      }
    engines: { node: '>= 12.0.0' }

  loose-envify@1.4.0:
    resolution:
      {
        integrity: sha512-lyuxPGr/Wfhrlem2CL/UcnUc1zcqKAImBDzukY7Y5F/yQiNdko6+fRLevlw1HgMySw7f611UIY408EtxRSoK3Q==,
      }
    hasBin: true

  magic-string@0.30.21:
    resolution:
      {
        integrity: sha512-vd2F4YUyEXKGcLHoq+TEyCjxueSeHnFxyyjNp80yg0XV4vUhnDer/lvvlqM/arB5bXQN5K2/3oinyCRyx8T2CQ==,
      }

  nanoid@3.3.12:
    resolution:
      {
        integrity: sha512-ZB9RH/39qpq5Vu6Y+NmUaFhQR6pp+M2Xt76XBnEwDaGcVAqhlvxrl3B2bKS5D3NH3QR76v3aSrKaF/Kiy7lEtQ==,
      }
    engines: { node: ^10 || ^12 || ^13.7 || ^14 || >=15.0.1 }
    hasBin: true

  node-releases@2.0.47:
    resolution:
      {
        integrity: sha512-Uzmd6LXpouKo8EUK68IjH4+E01w/hXyV3R3g/geCJo+rXLNfh1xucB+LOzYEOQPSiUK3h/xZf0cQGcSsmyL2Og==,
      }
    engines: { node: '>=18' }

  picocolors@1.1.1:
    resolution:
      {
        integrity: sha512-xceH2snhtb5M9liqDsmEw56le376mTZkEX/jEb/RxNFyegNul7eNslCXP9FDj/Lcu0X8KEyMceP2ntpaHrDEVA==,
      }

  postcss-value-parser@4.2.0:
    resolution:
      {
        integrity: sha512-1NNCs6uurfkVbeXG4S8JFT9t19m45ICnif8zWLd5oPSZ50QnwMfK+H3jv408d4jw/7Bttv5axS5IiHoLaVNHeQ==,
      }

  postcss@8.5.15:
    resolution:
      {
        integrity: sha512-FfR8sjd4em2T6fb3I2MwAJU7HWVMr9zba+enmQeeWFfCbm+UOC/0X4DS8XtpUTMwWMGbjKYP7xjfNekzyGmB3A==,
      }
    engines: { node: ^10 || ^12 || >=14 }

  prettier@3.8.3:
    resolution:
      {
        integrity: sha512-7igPTM53cGHMW8xWuVTydi2KO233VFiTNyF5hLJqpilHfmn8C8gPf+PS7dUT64YcXFbiMGZxS9pCSxL/Dxm/Jw==,
      }
    engines: { node: '>=14' }
    hasBin: true

  react-dom@18.3.1:
    resolution:
      {
        integrity: sha512-5m4nQKp+rZRb09LNH59GM4BxTh9251/ylbKIbpe7TpGxfJ+9kv6BLkLBXIjjspbgbnIBNqlI23tRnTWT0snUIw==,
      }
    peerDependencies:
      react: ^18.3.1

  react-router-dom@6.30.4:
    resolution:
      {
        integrity: sha512-q4HvNl+mmDdkS0g+MqiBZNteQJCuimWoOyHMy4T/RQLAn9Z29+E91QXRaxOujeMl2HTzRSS0KFPd7lxX3PjV0Q==,
      }
    engines: { node: '>=14.0.0' }
    peerDependencies:
      react: '>=16.8'
      react-dom: '>=16.8'

  react-router@6.30.4:
    resolution:
      {
        integrity: sha512-SVUsDe+DybHM/WmYKIVYhZh1o5Dcuf16yM6WjG02Q9XVFMZIJyHYhwrr6bFBXZkVP6z69kNkMyBCujt8FaFLJA==,
      }
    engines: { node: '>=14.0.0' }
    peerDependencies:
      react: '>=16.8'

  react@18.3.1:
    resolution:
      {
        integrity: sha512-wS+hAgJShR0KhEvPJArfuPVN1+Hz1t0Y6n5jLrGQbkb4urgPE/0Rve+1kMB1v/oWgHgm4WIcV+i7F2pTVj+2iQ==,
      }
    engines: { node: '>=0.10.0' }

  rollup@4.61.0:
    resolution:
      {
        integrity: sha512-T9mWdbWfQtp0B5lv/HX+wrhYsmXRlcWnXXmJbXqKJhlRaoS6KMhq0gpyzW4UJfclcxrEdLnTgjT2NjruLONu0g==,
      }
    engines: { node: '>=18.0.0', npm: '>=8.0.0' }
    hasBin: true

  scheduler@0.23.2:
    resolution:
      {
        integrity: sha512-UOShsPwz7NrMUqhR6t0hWjFduvOzbtv7toDH1/hIrfRNIDBnnBWd0CwJTGvTpngVlmwGCdP9/Zl/tVrDqcuYzQ==,
      }

  source-map-js@1.2.1:
    resolution:
      {
        integrity: sha512-UXWMKhLOwVKb728IUtQPXxfYU+usdybtUrK/8uGE8CQMvrhOpwvzDBwj0QhSL7MQc7vIsISBG8VQ8+IDQxpfQA==,
      }
    engines: { node: '>=0.10.0' }

  tailwindcss@4.3.0:
    resolution:
      {
        integrity: sha512-y6nxMGB1nMW9R6k96e5gdIFzcfL/gTJRNaqGes1YvkLnPVXzWgbqFF2yLC0T8G774n24cx3Pe8XrKoniCOAH+Q==,
      }

  tapable@2.3.3:
    resolution:
      {
        integrity: sha512-uxc/zpqFg6x7C8vOE7lh6Lbda8eEL9zmVm/PLeTPBRhh1xCgdWaQ+J1CUieGpIfm2HdtsUpRv+HshiasBMcc6A==,
      }
    engines: { node: '>=6' }

  typescript@6.0.3:
    resolution:
      {
        integrity: sha512-y2TvuxSZPDyQakkFRPZHKFm+KKVqIisdg9/CZwm9ftvKXLP8NRWj38/ODjNbr43SsoXqNuAisEf1GdCxqWcdBw==,
      }
    engines: { node: '>=14.17' }
    hasBin: true

  update-browserslist-db@1.2.3:
    resolution:
      {
        integrity: sha512-Js0m9cx+qOgDxo0eMiFGEueWztz+d4+M3rGlmKPT+T4IS/jP4ylw3Nwpu6cpTTP8R1MAC1kF4VbdLt3ARf209w==,
      }
    hasBin: true
    peerDependencies:
      browserslist: '>= 4.21.0'

  vite@5.4.21:
    resolution:
      {
        integrity: sha512-o5a9xKjbtuhY6Bi5S3+HvbRERmouabWbyUcpXXUA1u+GNUKoROi9byOJ8M0nHbHYHkYICiMlqxkg1KkYmm25Sw==,
      }
    engines: { node: ^18.0.0 || >=20.0.0 }
    hasBin: true
    peerDependencies:
      '@types/node': ^18.0.0 || >=20.0.0
      less: '*'
      lightningcss: ^1.21.0
      sass: '*'
      sass-embedded: '*'
      stylus: '*'
      sugarss: '*'
      terser: ^5.4.0
    peerDependenciesMeta:
      '@types/node':
        optional: true
      less:
        optional: true
      lightningcss:
        optional: true
      sass:
        optional: true
      sass-embedded:
        optional: true
      stylus:
        optional: true
      sugarss:
        optional: true
      terser:
        optional: true

snapshots:
  '@alloc/quick-lru@5.2.0': {}

  '@catppuccin/tailwindcss@1.0.0': {}

  '@esbuild/aix-ppc64@0.21.5':
    optional: true

  '@esbuild/android-arm64@0.21.5':
    optional: true

  '@esbuild/android-arm@0.21.5':
    optional: true

  '@esbuild/android-x64@0.21.5':
    optional: true

  '@esbuild/darwin-arm64@0.21.5':
    optional: true

  '@esbuild/darwin-x64@0.21.5':
    optional: true

  '@esbuild/freebsd-arm64@0.21.5':
    optional: true

  '@esbuild/freebsd-x64@0.21.5':
    optional: true

  '@esbuild/linux-arm64@0.21.5':
    optional: true

  '@esbuild/linux-arm@0.21.5':
    optional: true

  '@esbuild/linux-ia32@0.21.5':
    optional: true

  '@esbuild/linux-loong64@0.21.5':
    optional: true

  '@esbuild/linux-mips64el@0.21.5':
    optional: true

  '@esbuild/linux-ppc64@0.21.5':
    optional: true

  '@esbuild/linux-riscv64@0.21.5':
    optional: true

  '@esbuild/linux-s390x@0.21.5':
    optional: true

  '@esbuild/linux-x64@0.21.5':
    optional: true

  '@esbuild/netbsd-x64@0.21.5':
    optional: true

  '@esbuild/openbsd-x64@0.21.5':
    optional: true

  '@esbuild/sunos-x64@0.21.5':
    optional: true

  '@esbuild/win32-arm64@0.21.5':
    optional: true

  '@esbuild/win32-ia32@0.21.5':
    optional: true

  '@esbuild/win32-x64@0.21.5':
    optional: true

  '@jridgewell/gen-mapping@0.3.13':
    dependencies:
      '@jridgewell/sourcemap-codec': 1.5.5
      '@jridgewell/trace-mapping': 0.3.31

  '@jridgewell/remapping@2.3.5':
    dependencies:
      '@jridgewell/gen-mapping': 0.3.13
      '@jridgewell/trace-mapping': 0.3.31

  '@jridgewell/resolve-uri@3.1.2': {}

  '@jridgewell/sourcemap-codec@1.5.5': {}

  '@jridgewell/trace-mapping@0.3.31':
    dependencies:
      '@jridgewell/resolve-uri': 3.1.2
      '@jridgewell/sourcemap-codec': 1.5.5

  '@remix-run/router@1.23.3': {}

  '@rolldown/pluginutils@1.0.1': {}

  '@rollup/rollup-android-arm-eabi@4.61.0':
    optional: true

  '@rollup/rollup-android-arm64@4.61.0':
    optional: true

  '@rollup/rollup-darwin-arm64@4.61.0':
    optional: true

  '@rollup/rollup-darwin-x64@4.61.0':
    optional: true

  '@rollup/rollup-freebsd-arm64@4.61.0':
    optional: true

  '@rollup/rollup-freebsd-x64@4.61.0':
    optional: true

  '@rollup/rollup-linux-arm-gnueabihf@4.61.0':
    optional: true

  '@rollup/rollup-linux-arm-musleabihf@4.61.0':
    optional: true

  '@rollup/rollup-linux-arm64-gnu@4.61.0':
    optional: true

  '@rollup/rollup-linux-arm64-musl@4.61.0':
    optional: true

  '@rollup/rollup-linux-loong64-gnu@4.61.0':
    optional: true

  '@rollup/rollup-linux-loong64-musl@4.61.0':
    optional: true

  '@rollup/rollup-linux-ppc64-gnu@4.61.0':
    optional: true

  '@rollup/rollup-linux-ppc64-musl@4.61.0':
    optional: true

  '@rollup/rollup-linux-riscv64-gnu@4.61.0':
    optional: true

  '@rollup/rollup-linux-riscv64-musl@4.61.0':
    optional: true

  '@rollup/rollup-linux-s390x-gnu@4.61.0':
    optional: true

  '@rollup/rollup-linux-x64-gnu@4.61.0':
    optional: true

  '@rollup/rollup-linux-x64-musl@4.61.0':
    optional: true

  '@rollup/rollup-openbsd-x64@4.61.0':
    optional: true

  '@rollup/rollup-openharmony-arm64@4.61.0':
    optional: true

  '@rollup/rollup-win32-arm64-msvc@4.61.0':
    optional: true

  '@rollup/rollup-win32-ia32-msvc@4.61.0':
    optional: true

  '@rollup/rollup-win32-x64-gnu@4.61.0':
    optional: true

  '@rollup/rollup-win32-x64-msvc@4.61.0':
    optional: true

  '@swc/core-darwin-arm64@1.15.40':
    optional: true

  '@swc/core-darwin-x64@1.15.40':
    optional: true

  '@swc/core-linux-arm-gnueabihf@1.15.40':
    optional: true

  '@swc/core-linux-arm64-gnu@1.15.40':
    optional: true

  '@swc/core-linux-arm64-musl@1.15.40':
    optional: true

  '@swc/core-linux-ppc64-gnu@1.15.40':
    optional: true

  '@swc/core-linux-s390x-gnu@1.15.40':
    optional: true

  '@swc/core-linux-x64-gnu@1.15.40':
    optional: true

  '@swc/core-linux-x64-musl@1.15.40':
    optional: true

  '@swc/core-win32-arm64-msvc@1.15.40':
    optional: true

  '@swc/core-win32-ia32-msvc@1.15.40':
    optional: true

  '@swc/core-win32-x64-msvc@1.15.40':
    optional: true

  '@swc/core@1.15.40':
    dependencies:
      '@swc/counter': 0.1.3
      '@swc/types': 0.1.26
    optionalDependencies:
      '@swc/core-darwin-arm64': 1.15.40
      '@swc/core-darwin-x64': 1.15.40
      '@swc/core-linux-arm-gnueabihf': 1.15.40
      '@swc/core-linux-arm64-gnu': 1.15.40
      '@swc/core-linux-arm64-musl': 1.15.40
      '@swc/core-linux-ppc64-gnu': 1.15.40
      '@swc/core-linux-s390x-gnu': 1.15.40
      '@swc/core-linux-x64-gnu': 1.15.40
      '@swc/core-linux-x64-musl': 1.15.40
      '@swc/core-win32-arm64-msvc': 1.15.40
      '@swc/core-win32-ia32-msvc': 1.15.40
      '@swc/core-win32-x64-msvc': 1.15.40

  '@swc/counter@0.1.3': {}

  '@swc/types@0.1.26':
    dependencies:
      '@swc/counter': 0.1.3

  '@tailwindcss/node@4.3.0':
    dependencies:
      '@jridgewell/remapping': 2.3.5
      enhanced-resolve: 5.22.1
      jiti: 2.7.0
      lightningcss: 1.32.0
      magic-string: 0.30.21
      source-map-js: 1.2.1
      tailwindcss: 4.3.0

  '@tailwindcss/oxide-android-arm64@4.3.0':
    optional: true

  '@tailwindcss/oxide-darwin-arm64@4.3.0':
    optional: true

  '@tailwindcss/oxide-darwin-x64@4.3.0':
    optional: true

  '@tailwindcss/oxide-freebsd-x64@4.3.0':
    optional: true

  '@tailwindcss/oxide-linux-arm-gnueabihf@4.3.0':
    optional: true

  '@tailwindcss/oxide-linux-arm64-gnu@4.3.0':
    optional: true

  '@tailwindcss/oxide-linux-arm64-musl@4.3.0':
    optional: true

  '@tailwindcss/oxide-linux-x64-gnu@4.3.0':
    optional: true

  '@tailwindcss/oxide-linux-x64-musl@4.3.0':
    optional: true

  '@tailwindcss/oxide-wasm32-wasi@4.3.0':
    optional: true

  '@tailwindcss/oxide-win32-arm64-msvc@4.3.0':
    optional: true

  '@tailwindcss/oxide-win32-x64-msvc@4.3.0':
    optional: true

  '@tailwindcss/oxide@4.3.0':
    optionalDependencies:
      '@tailwindcss/oxide-android-arm64': 4.3.0
      '@tailwindcss/oxide-darwin-arm64': 4.3.0
      '@tailwindcss/oxide-darwin-x64': 4.3.0
      '@tailwindcss/oxide-freebsd-x64': 4.3.0
      '@tailwindcss/oxide-linux-arm-gnueabihf': 4.3.0
      '@tailwindcss/oxide-linux-arm64-gnu': 4.3.0
      '@tailwindcss/oxide-linux-arm64-musl': 4.3.0
      '@tailwindcss/oxide-linux-x64-gnu': 4.3.0
      '@tailwindcss/oxide-linux-x64-musl': 4.3.0
      '@tailwindcss/oxide-wasm32-wasi': 4.3.0
      '@tailwindcss/oxide-win32-arm64-msvc': 4.3.0
      '@tailwindcss/oxide-win32-x64-msvc': 4.3.0

  '@tailwindcss/postcss@4.3.0':
    dependencies:
      '@alloc/quick-lru': 5.2.0
      '@tailwindcss/node': 4.3.0
      '@tailwindcss/oxide': 4.3.0
      postcss: 8.5.15
      tailwindcss: 4.3.0

  '@types/estree@1.0.9': {}

  '@types/react-dom@19.2.3(@types/react@19.2.16)':
    dependencies:
      '@types/react': 19.2.16

  '@types/react@19.2.16':
    dependencies:
      csstype: 3.2.3

  '@vitejs/plugin-react-swc@4.3.1(vite@5.4.21(lightningcss@1.32.0))':
    dependencies:
      '@rolldown/pluginutils': 1.0.1
      '@swc/core': 1.15.40
      vite: 5.4.21(lightningcss@1.32.0)
    transitivePeerDependencies:
      - '@swc/helpers'

  autoprefixer@10.5.0(postcss@8.5.15):
    dependencies:
      browserslist: 4.28.2
      caniuse-lite: 1.0.30001793
      fraction.js: 5.3.4
      picocolors: 1.1.1
      postcss: 8.5.15
      postcss-value-parser: 4.2.0

  baseline-browser-mapping@2.10.33: {}

  browserslist@4.28.2:
    dependencies:
      baseline-browser-mapping: 2.10.33
      caniuse-lite: 1.0.30001793
      electron-to-chromium: 1.5.364
      node-releases: 2.0.47
      update-browserslist-db: 1.2.3(browserslist@4.28.2)

  caniuse-lite@1.0.30001793: {}

  csstype@3.2.3: {}

  detect-libc@2.1.2: {}

  electron-to-chromium@1.5.364: {}

  enhanced-resolve@5.22.1:
    dependencies:
      graceful-fs: 4.2.11
      tapable: 2.3.3

  esbuild@0.21.5:
    optionalDependencies:
      '@esbuild/aix-ppc64': 0.21.5
      '@esbuild/android-arm': 0.21.5
      '@esbuild/android-arm64': 0.21.5
      '@esbuild/android-x64': 0.21.5
      '@esbuild/darwin-arm64': 0.21.5
      '@esbuild/darwin-x64': 0.21.5
      '@esbuild/freebsd-arm64': 0.21.5
      '@esbuild/freebsd-x64': 0.21.5
      '@esbuild/linux-arm': 0.21.5
      '@esbuild/linux-arm64': 0.21.5
      '@esbuild/linux-ia32': 0.21.5
      '@esbuild/linux-loong64': 0.21.5
      '@esbuild/linux-mips64el': 0.21.5
      '@esbuild/linux-ppc64': 0.21.5
      '@esbuild/linux-riscv64': 0.21.5
      '@esbuild/linux-s390x': 0.21.5
      '@esbuild/linux-x64': 0.21.5
      '@esbuild/netbsd-x64': 0.21.5
      '@esbuild/openbsd-x64': 0.21.5
      '@esbuild/sunos-x64': 0.21.5
      '@esbuild/win32-arm64': 0.21.5
      '@esbuild/win32-ia32': 0.21.5
      '@esbuild/win32-x64': 0.21.5

  escalade@3.2.0: {}

  fraction.js@5.3.4: {}

  fsevents@2.3.3:
    optional: true

  graceful-fs@4.2.11: {}

  jiti@2.7.0: {}

  js-tokens@4.0.0: {}

  lightningcss-android-arm64@1.32.0:
    optional: true

  lightningcss-darwin-arm64@1.32.0:
    optional: true

  lightningcss-darwin-x64@1.32.0:
    optional: true

  lightningcss-freebsd-x64@1.32.0:
    optional: true

  lightningcss-linux-arm-gnueabihf@1.32.0:
    optional: true

  lightningcss-linux-arm64-gnu@1.32.0:
    optional: true

  lightningcss-linux-arm64-musl@1.32.0:
    optional: true

  lightningcss-linux-x64-gnu@1.32.0:
    optional: true

  lightningcss-linux-x64-musl@1.32.0:
    optional: true

  lightningcss-win32-arm64-msvc@1.32.0:
    optional: true

  lightningcss-win32-x64-msvc@1.32.0:
    optional: true

  lightningcss@1.32.0:
    dependencies:
      detect-libc: 2.1.2
    optionalDependencies:
      lightningcss-android-arm64: 1.32.0
      lightningcss-darwin-arm64: 1.32.0
      lightningcss-darwin-x64: 1.32.0
      lightningcss-freebsd-x64: 1.32.0
      lightningcss-linux-arm-gnueabihf: 1.32.0
      lightningcss-linux-arm64-gnu: 1.32.0
      lightningcss-linux-arm64-musl: 1.32.0
      lightningcss-linux-x64-gnu: 1.32.0
      lightningcss-linux-x64-musl: 1.32.0
      lightningcss-win32-arm64-msvc: 1.32.0
      lightningcss-win32-x64-msvc: 1.32.0

  loose-envify@1.4.0:
    dependencies:
      js-tokens: 4.0.0

  magic-string@0.30.21:
    dependencies:
      '@jridgewell/sourcemap-codec': 1.5.5

  nanoid@3.3.12: {}

  node-releases@2.0.47: {}

  picocolors@1.1.1: {}

  postcss-value-parser@4.2.0: {}

  postcss@8.5.15:
    dependencies:
      nanoid: 3.3.12
      picocolors: 1.1.1
      source-map-js: 1.2.1

  prettier@3.8.3: {}

  react-dom@18.3.1(react@18.3.1):
    dependencies:
      loose-envify: 1.4.0
      react: 18.3.1
      scheduler: 0.23.2

  react-router-dom@6.30.4(react-dom@18.3.1(react@18.3.1))(react@18.3.1):
    dependencies:
      '@remix-run/router': 1.23.3
      react: 18.3.1
      react-dom: 18.3.1(react@18.3.1)
      react-router: 6.30.4(react@18.3.1)

  react-router@6.30.4(react@18.3.1):
    dependencies:
      '@remix-run/router': 1.23.3
      react: 18.3.1

  react@18.3.1:
    dependencies:
      loose-envify: 1.4.0

  rollup@4.61.0:
    dependencies:
      '@types/estree': 1.0.9
    optionalDependencies:
      '@rollup/rollup-android-arm-eabi': 4.61.0
      '@rollup/rollup-android-arm64': 4.61.0
      '@rollup/rollup-darwin-arm64': 4.61.0
      '@rollup/rollup-darwin-x64': 4.61.0
      '@rollup/rollup-freebsd-arm64': 4.61.0
      '@rollup/rollup-freebsd-x64': 4.61.0
      '@rollup/rollup-linux-arm-gnueabihf': 4.61.0
      '@rollup/rollup-linux-arm-musleabihf': 4.61.0
      '@rollup/rollup-linux-arm64-gnu': 4.61.0
      '@rollup/rollup-linux-arm64-musl': 4.61.0
      '@rollup/rollup-linux-loong64-gnu': 4.61.0
      '@rollup/rollup-linux-loong64-musl': 4.61.0
      '@rollup/rollup-linux-ppc64-gnu': 4.61.0
      '@rollup/rollup-linux-ppc64-musl': 4.61.0
      '@rollup/rollup-linux-riscv64-gnu': 4.61.0
      '@rollup/rollup-linux-riscv64-musl': 4.61.0
      '@rollup/rollup-linux-s390x-gnu': 4.61.0
      '@rollup/rollup-linux-x64-gnu': 4.61.0
      '@rollup/rollup-linux-x64-musl': 4.61.0
      '@rollup/rollup-openbsd-x64': 4.61.0
      '@rollup/rollup-openharmony-arm64': 4.61.0
      '@rollup/rollup-win32-arm64-msvc': 4.61.0
      '@rollup/rollup-win32-ia32-msvc': 4.61.0
      '@rollup/rollup-win32-x64-gnu': 4.61.0
      '@rollup/rollup-win32-x64-msvc': 4.61.0
      fsevents: 2.3.3

  scheduler@0.23.2:
    dependencies:
      loose-envify: 1.4.0

  source-map-js@1.2.1: {}

  tailwindcss@4.3.0: {}

  tapable@2.3.3: {}

  typescript@6.0.3: {}

  update-browserslist-db@1.2.3(browserslist@4.28.2):
    dependencies:
      browserslist: 4.28.2
      escalade: 3.2.0
      picocolors: 1.1.1

  vite@5.4.21(lightningcss@1.32.0):
    dependencies:
      esbuild: 0.21.5
      postcss: 8.5.15
      rollup: 4.61.0
    optionalDependencies:
      fsevents: 2.3.3
      lightningcss: 1.32.0
